
Microsoft Visual Studio Solution File, Format Version 12.00
# Visual Studio Version 17
VisualStudioVersion = 17.12.35527.113 d17.12
MinimumVisualStudioVersion = 10.0.40219.1
Project("{FAE04EC0-301F-11D3-BF4B-00C04F79EFBC}") = "eCommerce.API", "eCommerce.API\eCommerce.API.csproj", "{5BDCCF74-A541-43DE-B083-40D4649EF3D3}"
EndProject
Project("{FAE04EC0-301F-11D3-BF4B-00C04F79EFBC}") = "eCommerce.Infrastructure", "eCommerce.Infrastructure\eCommerce.Infrastructure.csproj", "{6D4A47A8-E17A-47EC-9B51-7DB38541CA66}"
EndProject
Project("{FAE04EC0-301F-11D3-BF4B-00C04F79EFBC}") = "eCommerce.Core", "eCommerce.Core\eCommerce.Core.csproj", "{7B66EE48-71E4-4D0B-8993-8F003AE15307}"
EndProject
Global
	GlobalSection(SolutionConfigurationPlatforms) = preSolution
		Debug|Any CPU = Debug|Any CPU
		Release|Any CPU = Release|Any CPU
	EndGlobalSection
	GlobalSection(ProjectConfigurationPlatforms) = postSolution
		{5BDCCF74-A541-43DE-B083-40D4649EF3D3}.Debug|Any CPU.ActiveCfg = Debug|Any CPU
		{5BDCCF74-A541-43DE-B083-40D4649EF3D3}.Debug|Any CPU.Build.0 = Debug|Any CPU
		{5BDCCF74-A541-43DE-B083-40D4649EF3D3}.Release|Any CPU.ActiveCfg = Release|Any CPU
		{5BDCCF74-A541-43DE-B083-40D4649EF3D3}.Release|Any CPU.Build.0 = Release|Any CPU
		{6D4A47A8-E17A-47EC-9B51-7DB38541CA66}.Debug|Any CPU.ActiveCfg = Debug|Any CPU
		{6D4A47A8-E17A-47EC-9B51-7DB38541CA66}.Debug|Any CPU.Build.0 = Debug|Any CPU
		{6D4A47A8-E17A-47EC-9B51-7DB38541CA66}.Release|Any CPU.ActiveCfg = Release|Any CPU
		{6D4A47A8-E17A-47EC-9B51-7DB38541CA66}.Release|Any CPU.Build.0 = Release|Any CPU
		{7B66EE48-71E4-4D0B-8993-8F003AE15307}.Debug|Any CPU.ActiveCfg = Debug|Any CPU
		{7B66EE48-71E4-4D0B-8993-8F003AE15307}.Debug|Any CPU.Build.0 = Debug|Any CPU
		{7B66EE48-71E4-4D0B-8993-8F003AE15307}.Release|Any CPU.ActiveCfg = Release|Any CPU
		{7B66EE48-71E4-4D0B-8993-8F003AE15307}.Release|Any CPU.Build.0 = Release|Any CPU
	EndGlobalSection
	GlobalSection(SolutionProperties) = preSolution
		HideSolutionNode = FALSE
	EndGlobalSection
EndGlobal
